
Microsoft Visual Studio Solution File, Format Version 12.00
# Visual Studio Version 17
VisualStudioVersion = 17.4.33122.133
MinimumVisualStudioVersion = 10.0.40219.1
Project("{FAE04EC0-301F-11D3-BF4B-00C04F79EFBC}") = "Desafio_FINCH", "Desafio_FINCH\Desafio_FINCH.csproj", "{58F70A0D-E31F-42D8-9EB2-08C1A2ADA0DB}"
EndProject
Global
	GlobalSection(SolutionConfigurationPlatforms) = preSolution
		Debug|Any CPU = Debug|Any CPU
		Release|Any CPU = Release|Any CPU
	EndGlobalSection
	GlobalSection(ProjectConfigurationPlatforms) = postSolution
		{58F70A0D-E31F-42D8-9EB2-08C1A2ADA0DB}.Debug|Any CPU.ActiveCfg = Debug|Any CPU
		{58F70A0D-E31F-42D8-9EB2-08C1A2ADA0DB}.Debug|Any CPU.Build.0 = Debug|Any CPU
		{58F70A0D-E31F-42D8-9EB2-08C1A2ADA0DB}.Release|Any CPU.ActiveCfg = Release|Any CPU
		{58F70A0D-E31F-42D8-9EB2-08C1A2ADA0DB}.Release|Any CPU.Build.0 = Release|Any CPU
	EndGlobalSection
	GlobalSection(SolutionProperties) = preSolution
		HideSolutionNode = FALSE
	EndGlobalSection
	GlobalSection(ExtensibilityGlobals) = postSolution
		SolutionGuid = {668BBB0D-5AC9-40AA-9F25-9B084D77D236}
	EndGlobalSection
EndGlobal
